// !$*UTF8*$!
{
	archiveVersion = 1;
	classes = {
	};
	objectVersion = 46;
	objects = {

/* Begin PBXBuildFile section */
		8A2690F81DE0007200EC1F5B /* AppDelegate.swift in Sources */ = {isa = PBXBuildFile; fileRef = 8A2690F71DE0007200EC1F5B /* AppDelegate.swift */; };
		8A2690FD1DE0007200EC1F5B /* Main.storyboard in Resources */ = {isa = PBXBuildFile; fileRef = 8A2690FB1DE0007200EC1F5B /* Main.storyboard */; };
		8A2690FF1DE0007200EC1F5B /* Assets.xcassets in Resources */ = {isa = PBXBuildFile; fileRef = 8A2690FE1DE0007200EC1F5B /* Assets.xcassets */; };
		8A2691021DE0007200EC1F5B /* LaunchScreen.storyboard in Resources */ = {isa = PBXBuildFile; fileRef = 8A2691001DE0007200EC1F5B /* LaunchScreen.storyboard */; };
		8A26910D1DE0007200EC1F5B /* SkillUpPractice3Tests.swift in Sources */ = {isa = PBXBuildFile; fileRef = 8A26910C1DE0007200EC1F5B /* SkillUpPractice3Tests.swift */; };
		8A2691181DE0007200EC1F5B /* SkillUpPractice3UITests.swift in Sources */ = {isa = PBXBuildFile; fileRef = 8A2691171DE0007200EC1F5B /* SkillUpPractice3UITests.swift */; };
		8A26913C1DE0037200EC1F5B /* photos.plist in Resources */ = {isa = PBXBuildFile; fileRef = 8A2691311DE0037200EC1F5B /* photos.plist */; };
		8A2691461DE00A5500EC1F5B /* AnimalDataObject.swift in Sources */ = {isa = PBXBuildFile; fileRef = 8A26913D1DE00A5500EC1F5B /* AnimalDataObject.swift */; };
		8A2691471DE00A5500EC1F5B /* AnimalDataModel.swift in Sources */ = {isa = PBXBuildFile; fileRef = 8A26913E1DE00A5500EC1F5B /* AnimalDataModel.swift */; };
		8A2691481DE00A5500EC1F5B /* TransitionDelegate.swift in Sources */ = {isa = PBXBuildFile; fileRef = 8A26913F1DE00A5500EC1F5B /* TransitionDelegate.swift */; };
		8A2691491DE00A5500EC1F5B /* TransitionProtocol.swift in Sources */ = {isa = PBXBuildFile; fileRef = 8A2691401DE00A5500EC1F5B /* TransitionProtocol.swift */; };
		8A26914A1DE00A5500EC1F5B /* AnimalDetailViewController.swift in Sources */ = {isa = PBXBuildFile; fileRef = 8A2691411DE00A5500EC1F5B /* AnimalDetailViewController.swift */; };
		8A26914B1DE00A5500EC1F5B /* CellPresentationAnimator.swift in Sources */ = {isa = PBXBuildFile; fileRef = 8A2691421DE00A5500EC1F5B /* CellPresentationAnimator.swift */; };
		8A26914C1DE00A5500EC1F5B /* CellDismissedAnimator.swift in Sources */ = {isa = PBXBuildFile; fileRef = 8A2691431DE00A5500EC1F5B /* CellDismissedAnimator.swift */; };
		8A26914D1DE00A5500EC1F5B /* AnimalCollectionViewController.swift in Sources */ = {isa = PBXBuildFile; fileRef = 8A2691441DE00A5500EC1F5B /* AnimalCollectionViewController.swift */; };
		8A26914E1DE00A5500EC1F5B /* AnimalCollectionViewCell.swift in Sources */ = {isa = PBXBuildFile; fileRef = 8A2691451DE00A5500EC1F5B /* AnimalCollectionViewCell.swift */; };
/* End PBXBuildFile section */

/* Begin PBXContainerItemProxy section */
		8A2691091DE0007200EC1F5B /* PBXContainerItemProxy */ = {
			isa = PBXContainerItemProxy;
			containerPortal = 8A2690EC1DE0007200EC1F5B /* Project object */;
			proxyType = 1;
			remoteGlobalIDString = 8A2690F31DE0007200EC1F5B;
			remoteInfo = SkillUpPractice3;
		};
		8A2691141DE0007200EC1F5B /* PBXContainerItemProxy */ = {
			isa = PBXContainerItemProxy;
			containerPortal = 8A2690EC1DE0007200EC1F5B /* Project object */;
			proxyType = 1;
			remoteGlobalIDString = 8A2690F31DE0007200EC1F5B;
			remoteInfo = SkillUpPractice3;
		};
/* End PBXContainerItemProxy section */

/* Begin PBXFileReference section */
		8A2690F41DE0007200EC1F5B /* SkillUpPractice3.app */ = {isa = PBXFileReference; explicitFileType = wrapper.application; includeInIndex = 0; path = SkillUpPractice3.app; sourceTree = BUILT_PRODUCTS_DIR; };
		8A2690F71DE0007200EC1F5B /* AppDelegate.swift */ = {isa = PBXFileReference; lastKnownFileType = sourcecode.swift; path = AppDelegate.swift; sourceTree = "<group>"; };
		8A2690FC1DE0007200EC1F5B /* Base */ = {isa = PBXFileReference; lastKnownFileType = file.storyboard; name = Base; path = Base.lproj/Main.storyboard; sourceTree = "<group>"; };
		8A2690FE1DE0007200EC1F5B /* Assets.xcassets */ = {isa = PBXFileReference; lastKnownFileType = folder.assetcatalog; path = Assets.xcassets; sourceTree = "<group>"; };
		8A2691011DE0007200EC1F5B /* Base */ = {isa = PBXFileReference; lastKnownFileType = file.storyboard; name = Base; path = Base.lproj/LaunchScreen.storyboard; sourceTree = "<group>"; };
		8A2691031DE0007200EC1F5B /* Info.plist */ = {isa = PBXFileReference; lastKnownFileType = text.plist.xml; path = Info.plist; sourceTree = "<group>"; };
		8A2691081DE0007200EC1F5B /* SkillUpPractice3Tests.xctest */ = {isa = PBXFileReference; explicitFileType = wrapper.cfbundle; includeInIndex = 0; path = SkillUpPractice3Tests.xctest; sourceTree = BUILT_PRODUCTS_DIR; };
		8A26910C1DE0007200EC1F5B /* SkillUpPractice3Tests.swift */ = {isa = PBXFileReference; lastKnownFileType = sourcecode.swift; path = SkillUpPractice3Tests.swift; sourceTree = "<group>"; };
		8A26910E1DE0007200EC1F5B /* Info.plist */ = {isa = PBXFileReference; lastKnownFileType = text.plist.xml; path = Info.plist; sourceTree = "<group>"; };
		8A2691131DE0007200EC1F5B /* SkillUpPractice3UITests.xctest */ = {isa = PBXFileReference; explicitFileType = wrapper.cfbundle; includeInIndex = 0; path = SkillUpPractice3UITests.xctest; sourceTree = BUILT_PRODUCTS_DIR; };
		8A2691171DE0007200EC1F5B /* SkillUpPractice3UITests.swift */ = {isa = PBXFileReference; lastKnownFileType = sourcecode.swift; path = SkillUpPractice3UITests.swift; sourceTree = "<group>"; };
		8A2691191DE0007200EC1F5B /* Info.plist */ = {isa = PBXFileReference; lastKnownFileType = text.plist.xml; path = Info.plist; sourceTree = "<group>"; };
		8A2691311DE0037200EC1F5B /* photos.plist */ = {isa = PBXFileReference; fileEncoding = 4; lastKnownFileType = text.plist.xml; path = photos.plist; sourceTree = "<group>"; };
		8A26913D1DE00A5500EC1F5B /* AnimalDataObject.swift */ = {isa = PBXFileReference; fileEncoding = 4; lastKnownFileType = sourcecode.swift; name = AnimalDataObject.swift; path = ../../SkillUpTest/SkillUpTest/AnimalDataObject.swift; sourceTree = "<group>"; };
		8A26913E1DE00A5500EC1F5B /* AnimalDataModel.swift */ = {isa = PBXFileReference; fileEncoding = 4; lastKnownFileType = sourcecode.swift; name = AnimalDataModel.swift; path = ../../SkillUpTest/SkillUpTest/AnimalDataModel.swift; sourceTree = "<group>"; };
		8A26913F1DE00A5500EC1F5B /* TransitionDelegate.swift */ = {isa = PBXFileReference; fileEncoding = 4; lastKnownFileType = sourcecode.swift; name = TransitionDelegate.swift; path = ../../SkillUpTest/SkillUpTest/TransitionDelegate.swift; sourceTree = "<group>"; };
		8A2691401DE00A5500EC1F5B /* TransitionProtocol.swift */ = {isa = PBXFileReference; fileEncoding = 4; lastKnownFileType = sourcecode.swift; name = TransitionProtocol.swift; path = ../../SkillUpTest/SkillUpTest/TransitionProtocol.swift; sourceTree = "<group>"; };
		8A2691411DE00A5500EC1F5B /* AnimalDetailViewController.swift */ = {isa = PBXFileReference; fileEncoding = 4; lastKnownFileType = sourcecode.swift; name = AnimalDetailViewController.swift; path = ../../SkillUpTest/SkillUpTest/AnimalDetailViewController.swift; sourceTree = "<group>"; };
		8A2691421DE00A5500EC1F5B /* CellPresentationAnimator.swift */ = {isa = PBXFileReference; fileEncoding = 4; lastKnownFileType = sourcecode.swift; name = CellPresentationAnimator.swift; path = ../../SkillUpTest/SkillUpTest/CellPresentationAnimator.swift; sourceTree = "<group>"; };
		8A2691431DE00A5500EC1F5B /* CellDismissedAnimator.swift */ = {isa = PBXFileReference; fileEncoding = 4; lastKnownFileType = sourcecode.swift; name = CellDismissedAnimator.swift; path = ../../SkillUpTest/SkillUpTest/CellDismissedAnimator.swift; sourceTree = "<group>"; };
		8A2691441DE00A5500EC1F5B /* AnimalCollectionViewController.swift */ = {isa = PBXFileReference; fileEncoding = 4; lastKnownFileType = sourcecode.swift; name = AnimalCollectionViewController.swift; path = ../../SkillUpTest/SkillUpTest/AnimalCollectionViewController.swift; sourceTree = "<group>"; };
		8A2691451DE00A5500EC1F5B /* AnimalCollectionViewCell.swift */ = {isa = PBXFileReference; fileEncoding = 4; lastKnownFileType = sourcecode.swift; name = AnimalCollectionViewCell.swift; path = ../../SkillUpTest/SkillUpTest/AnimalCollectionViewCell.swift; sourceTree = "<group>"; };
/* End PBXFileReference section */

/* Begin PBXFrameworksBuildPhase section */
		8A2690F11DE0007200EC1F5B /* Frameworks */ = {
			isa = PBXFrameworksBuildPhase;
			buildActionMask = 2147483647;
			files = (
			);
			runOnlyForDeploymentPostprocessing = 0;
		};
		8A2691051DE0007200EC1F5B /* Frameworks */ = {
			isa = PBXFrameworksBuildPhase;
			buildActionMask = 2147483647;
			files = (
			);
			runOnlyForDeploymentPostprocessing = 0;
		};
		8A2691101DE0007200EC1F5B /* Frameworks */ = {
			isa = PBXFrameworksBuildPhase;
			buildActionMask = 2147483647;
			files = (
			);
			runOnlyForDeploymentPostprocessing = 0;
		};
/* End PBXFrameworksBuildPhase section */

/* Begin PBXGroup section */
		8A2690EB1DE0007200EC1F5B = {
			isa = PBXGroup;
			children = (
				8A2690F61DE0007200EC1F5B /* SkillUpPractice3 */,
				8A26910B1DE0007200EC1F5B /* SkillUpPractice3Tests */,
				8A2691161DE0007200EC1F5B /* SkillUpPractice3UITests */,
				8A2690F51DE0007200EC1F5B /* Products */,
			);
			sourceTree = "<group>";
		};
		8A2690F51DE0007200EC1F5B /* Products */ = {
			isa = PBXGroup;
			children = (
				8A2690F41DE0007200EC1F5B /* SkillUpPractice3.app */,
				8A2691081DE0007200EC1F5B /* SkillUpPractice3Tests.xctest */,
				8A2691131DE0007200EC1F5B /* SkillUpPractice3UITests.xctest */,
			);
			name = Products;
			sourceTree = "<group>";
		};
		8A2690F61DE0007200EC1F5B /* SkillUpPractice3 */ = {
			isa = PBXGroup;
			children = (
				8A2691511DE00A6900EC1F5B /* controller */,
				8A2691501DE00A6300EC1F5B /* view */,
				8A26914F1DE00A5A00EC1F5B /* model */,
				8A2690F71DE0007200EC1F5B /* AppDelegate.swift */,
				8A2690FB1DE0007200EC1F5B /* Main.storyboard */,
				8A2690FE1DE0007200EC1F5B /* Assets.xcassets */,
				8A2691251DE0037200EC1F5B /* Resource  */,
				8A2691001DE0007200EC1F5B /* LaunchScreen.storyboard */,
				8A2691031DE0007200EC1F5B /* Info.plist */,
			);
			path = SkillUpPractice3;
			sourceTree = "<group>";
		};
		8A26910B1DE0007200EC1F5B /* SkillUpPractice3Tests */ = {
			isa = PBXGroup;
			children = (
				8A26910C1DE0007200EC1F5B /* SkillUpPractice3Tests.swift */,
				8A26910E1DE0007200EC1F5B /* Info.plist */,
			);
			path = SkillUpPractice3Tests;
			sourceTree = "<group>";
		};
		8A2691161DE0007200EC1F5B /* SkillUpPractice3UITests */ = {
			isa = PBXGroup;
			children = (
				8A2691171DE0007200EC1F5B /* SkillUpPractice3UITests.swift */,
				8A2691191DE0007200EC1F5B /* Info.plist */,
			);
			path = SkillUpPractice3UITests;
			sourceTree = "<group>";
		};
		8A2691251DE0037200EC1F5B /* Resource  */ = {
			isa = PBXGroup;
			children = (
				8A2691311DE0037200EC1F5B /* photos.plist */,
			);
			name = "Resource ";
			path = "../../../../Downloads/Resource ";
			sourceTree = "<group>";
		};
		8A26914F1DE00A5A00EC1F5B /* model */ = {
			isa = PBXGroup;
			children = (
				8A26913D1DE00A5500EC1F5B /* AnimalDataObject.swift */,
				8A26913E1DE00A5500EC1F5B /* AnimalDataModel.swift */,
			);
			name = model;
			sourceTree = "<group>";
		};
		8A2691501DE00A6300EC1F5B /* view */ = {
			isa = PBXGroup;
			children = (
				8A2691451DE00A5500EC1F5B /* AnimalCollectionViewCell.swift */,
				8A2691521DE00A8B00EC1F5B /* animation */,
			);
			name = view;
			sourceTree = "<group>";
		};
		8A2691511DE00A6900EC1F5B /* controller */ = {
			isa = PBXGroup;
			children = (
				8A2691411DE00A5500EC1F5B /* AnimalDetailViewController.swift */,
				8A2691441DE00A5500EC1F5B /* AnimalCollectionViewController.swift */,
				8A26913F1DE00A5500EC1F5B /* TransitionDelegate.swift */,
				8A2691401DE00A5500EC1F5B /* TransitionProtocol.swift */,
			);
			name = controller;
			sourceTree = "<group>";
		};
		8A2691521DE00A8B00EC1F5B /* animation */ = {
			isa = PBXGroup;
			children = (
				8A2691421DE00A5500EC1F5B /* CellPresentationAnimator.swift */,
				8A2691431DE00A5500EC1F5B /* CellDismissedAnimator.swift */,
			);
			name = animation;
			sourceTree = "<group>";
		};
/* End PBXGroup section */

/* Begin PBXNativeTarget section */
		8A2690F31DE0007200EC1F5B /* SkillUpPractice3 */ = {
			isa = PBXNativeTarget;
			buildConfigurationList = 8A26911C1DE0007200EC1F5B /* Build configuration list for PBXNativeTarget "SkillUpPractice3" */;
			buildPhases = (
				8A2690F01DE0007200EC1F5B /* Sources */,
				8A2690F11DE0007200EC1F5B /* Frameworks */,
				8A2690F21DE0007200EC1F5B /* Resources */,
			);
			buildRules = (
			);
			dependencies = (
			);
			name = SkillUpPractice3;
			productName = SkillUpPractice3;
			productReference = 8A2690F41DE0007200EC1F5B /* SkillUpPractice3.app */;
			productType = "com.apple.product-type.application";
		};
		8A2691071DE0007200EC1F5B /* SkillUpPractice3Tests */ = {
			isa = PBXNativeTarget;
			buildConfigurationList = 8A26911F1DE0007200EC1F5B /* Build configuration list for PBXNativeTarget "SkillUpPractice3Tests" */;
			buildPhases = (
				8A2691041DE0007200EC1F5B /* Sources */,
				8A2691051DE0007200EC1F5B /* Frameworks */,
				8A2691061DE0007200EC1F5B /* Resources */,
			);
			buildRules = (
			);
			dependencies = (
				8A26910A1DE0007200EC1F5B /* PBXTargetDependency */,
			);
			name = SkillUpPractice3Tests;
			productName = SkillUpPractice3Tests;
			productReference = 8A2691081DE0007200EC1F5B /* SkillUpPractice3Tests.xctest */;
			productType = "com.apple.product-type.bundle.unit-test";
		};
		8A2691121DE0007200EC1F5B /* SkillUpPractice3UITests */ = {
			isa = PBXNativeTarget;
			buildConfigurationList = 8A2691221DE0007200EC1F5B /* Build configuration list for PBXNativeTarget "SkillUpPractice3UITests" */;
			buildPhases = (
				8A26910F1DE0007200EC1F5B /* Sources */,
				8A2691101DE0007200EC1F5B /* Frameworks */,
				8A2691111DE0007200EC1F5B /* Resources */,
			);
			buildRules = (
			);
			dependencies = (
				8A2691151DE0007200EC1F5B /* PBXTargetDependency */,
			);
			name = SkillUpPractice3UITests;
			productName = SkillUpPractice3UITests;
			productReference = 8A2691131DE0007200EC1F5B /* SkillUpPractice3UITests.xctest */;
			productType = "com.apple.product-type.bundle.ui-testing";
		};
/* End PBXNativeTarget section */

/* Begin PBXProject section */
		8A2690EC1DE0007200EC1F5B /* Project object */ = {
			isa = PBXProject;
			attributes = {
				LastSwiftUpdateCheck = 0730;
				LastUpgradeCheck = 0730;
				ORGANIZATIONNAME = kotaro;
				TargetAttributes = {
					8A2690F31DE0007200EC1F5B = {
						CreatedOnToolsVersion = 7.3.1;
					};
					8A2691071DE0007200EC1F5B = {
						CreatedOnToolsVersion = 7.3.1;
						TestTargetID = 8A2690F31DE0007200EC1F5B;
					};
					8A2691121DE0007200EC1F5B = {
						CreatedOnToolsVersion = 7.3.1;
						TestTargetID = 8A2690F31DE0007200EC1F5B;
					};
				};
			};
			buildConfigurationList = 8A2690EF1DE0007200EC1F5B /* Build configuration list for PBXProject "SkillUpPractice3" */;
			compatibilityVersion = "Xcode 3.2";
			developmentRegion = English;
			hasScannedForEncodings = 0;
			knownRegions = (
				en,
				Base,
			);
			mainGroup = 8A2690EB1DE0007200EC1F5B;
			productRefGroup = 8A2690F51DE0007200EC1F5B /* Products */;
			projectDirPath = "";
			projectRoot = "";
			targets = (
				8A2690F31DE0007200EC1F5B /* SkillUpPractice3 */,
				8A2691071DE0007200EC1F5B /* SkillUpPractice3Tests */,
				8A2691121DE0007200EC1F5B /* SkillUpPractice3UITests */,
			);
		};
/* End PBXProject section */

/* Begin PBXResourcesBuildPhase section */
		8A2690F21DE0007200EC1F5B /* Resources */ = {
			isa = PBXResourcesBuildPhase;
			buildActionMask = 2147483647;
			files = (
				8A26913C1DE0037200EC1F5B /* photos.plist in Resources */,
				8A2691021DE0007200EC1F5B /* LaunchScreen.storyboard in Resources */,
				8A2690FF1DE0007200EC1F5B /* Assets.xcassets in Resources */,
				8A2690FD1DE0007200EC1F5B /* Main.storyboard in Resources */,
			);
			runOnlyForDeploymentPostprocessing = 0;
		};
		8A2691061DE0007200EC1F5B /* Resources */ = {
			isa = PBXResourcesBuildPhase;
			buildActionMask = 2147483647;
			files = (
			);
			runOnlyForDeploymentPostprocessing = 0;
		};
		8A2691111DE0007200EC1F5B /* Resources */ = {
			isa = PBXResourcesBuildPhase;
			buildActionMask = 2147483647;
			files = (
			);
			runOnlyForDeploymentPostprocessing = 0;
		};
/* End PBXResourcesBuildPhase section */

/* Begin PBXSourcesBuildPhase section */
		8A2690F01DE0007200EC1F5B /* Sources */ = {
			isa = PBXSourcesBuildPhase;
			buildActionMask = 2147483647;
			files = (
				8A26914B1DE00A5500EC1F5B /* CellPresentationAnimator.swift in Sources */,
				8A2691491DE00A5500EC1F5B /* TransitionProtocol.swift in Sources */,
				8A26914D1DE00A5500EC1F5B /* AnimalCollectionViewController.swift in Sources */,
				8A26914C1DE00A5500EC1F5B /* CellDismissedAnimator.swift in Sources */,
				8A2691481DE00A5500EC1F5B /* TransitionDelegate.swift in Sources */,
				8A2691471DE00A5500EC1F5B /* AnimalDataModel.swift in Sources */,
				8A2690F81DE0007200EC1F5B /* AppDelegate.swift in Sources */,
				8A26914A1DE00A5500EC1F5B /* AnimalDetailViewController.swift in Sources */,
				8A2691461DE00A5500EC1F5B /* AnimalDataObject.swift in Sources */,
				8A26914E1DE00A5500EC1F5B /* AnimalCollectionViewCell.swift in Sources */,
			);
			runOnlyForDeploymentPostprocessing = 0;
		};
		8A2691041DE0007200EC1F5B /* Sources */ = {
			isa = PBXSourcesBuildPhase;
			buildActionMask = 2147483647;
			files = (
				8A26910D1DE0007200EC1F5B /* SkillUpPractice3Tests.swift in Sources */,
			);
			runOnlyForDeploymentPostprocessing = 0;
		};
		8A26910F1DE0007200EC1F5B /* Sources */ = {
			isa = PBXSourcesBuildPhase;
			buildActionMask = 2147483647;
			files = (
				8A2691181DE0007200EC1F5B /* SkillUpPractice3UITests.swift in Sources */,
			);
			runOnlyForDeploymentPostprocessing = 0;
		};
/* End PBXSourcesBuildPhase section */

/* Begin PBXTargetDependency section */
		8A26910A1DE0007200EC1F5B /* PBXTargetDependency */ = {
			isa = PBXTargetDependency;
			target = 8A2690F31DE0007200EC1F5B /* SkillUpPractice3 */;
			targetProxy = 8A2691091DE0007200EC1F5B /* PBXContainerItemProxy */;
		};
		8A2691151DE0007200EC1F5B /* PBXTargetDependency */ = {
			isa = PBXTargetDependency;
			target = 8A2690F31DE0007200EC1F5B /* SkillUpPractice3 */;
			targetProxy = 8A2691141DE0007200EC1F5B /* PBXContainerItemProxy */;
		};
/* End PBXTargetDependency section */

/* Begin PBXVariantGroup section */
		8A2690FB1DE0007200EC1F5B /* Main.storyboard */ = {
			isa = PBXVariantGroup;
			children = (
				8A2690FC1DE0007200EC1F5B /* Base */,
			);
			name = Main.storyboard;
			sourceTree = "<group>";
		};
		8A2691001DE0007200EC1F5B /* LaunchScreen.storyboard */ = {
			isa = PBXVariantGroup;
			children = (
				8A2691011DE0007200EC1F5B /* Base */,
			);
			name = LaunchScreen.storyboard;
			sourceTree = "<group>";
		};
/* End PBXVariantGroup section */

/* Begin XCBuildConfiguration section */
		8A26911A1DE0007200EC1F5B /* Debug */ = {
			isa = XCBuildConfiguration;
			buildSettings = {
				ALWAYS_SEARCH_USER_PATHS = NO;
				CLANG_ANALYZER_NONNULL = YES;
				CLANG_CXX_LANGUAGE_STANDARD = "gnu++0x";
				CLANG_CXX_LIBRARY = "libc++";
				CLANG_ENABLE_MODULES = YES;
				CLANG_ENABLE_OBJC_ARC = YES;
				CLANG_WARN_BOOL_CONVERSION = YES;
				CLANG_WARN_CONSTANT_CONVERSION = YES;
				CLANG_WARN_DIRECT_OBJC_ISA_USAGE = YES_ERROR;
				CLANG_WARN_EMPTY_BODY = YES;
				CLANG_WARN_ENUM_CONVERSION = YES;
				CLANG_WARN_INT_CONVERSION = YES;
				CLANG_WARN_OBJC_ROOT_CLASS = YES_ERROR;
				CLANG_WARN_UNREACHABLE_CODE = YES;
				CLANG_WARN__DUPLICATE_METHOD_MATCH = YES;
				"CODE_SIGN_IDENTITY[sdk=iphoneos*]" = "iPhone Developer";
				COPY_PHASE_STRIP = NO;
				DEBUG_INFORMATION_FORMAT = dwarf;
				ENABLE_STRICT_OBJC_MSGSEND = YES;
				ENABLE_TESTABILITY = YES;
				GCC_C_LANGUAGE_STANDARD = gnu99;
				GCC_DYNAMIC_NO_PIC = NO;
				GCC_NO_COMMON_BLOCKS = YES;
				GCC_OPTIMIZATION_LEVEL = 0;
				GCC_PREPROCESSOR_DEFINITIONS = (
					"DEBUG=1",
					"$(inherited)",
				);
				GCC_WARN_64_TO_32_BIT_CONVERSION = YES;
				GCC_WARN_ABOUT_RETURN_TYPE = YES_ERROR;
				GCC_WARN_UNDECLARED_SELECTOR = YES;
				GCC_WARN_UNINITIALIZED_AUTOS = YES_AGGRESSIVE;
				GCC_WARN_UNUSED_FUNCTION = YES;
				GCC_WARN_UNUSED_VARIABLE = YES;
				IPHONEOS_DEPLOYMENT_TARGET = 9.3;
				MTL_ENABLE_DEBUG_INFO = YES;
				ONLY_ACTIVE_ARCH = YES;
				SDKROOT = iphoneos;
				SWIFT_OPTIMIZATION_LEVEL = "-Onone";
			};
			name = Debug;
		};
		8A26911B1DE0007200EC1F5B /* Release */ = {
			isa = XCBuildConfiguration;
			buildSettings = {
				ALWAYS_SEARCH_USER_PATHS = NO;
				CLANG_ANALYZER_NONNULL = YES;
				CLANG_CXX_LANGUAGE_STANDARD = "gnu++0x";
				CLANG_CXX_LIBRARY = "libc++";
				CLANG_ENABLE_MODULES = YES;
				CLANG_ENABLE_OBJC_ARC = YES;
				CLANG_WARN_BOOL_CONVERSION = YES;
				CLANG_WARN_CONSTANT_CONVERSION = YES;
				CLANG_WARN_DIRECT_OBJC_ISA_USAGE = YES_ERROR;
				CLANG_WARN_EMPTY_BODY = YES;
				CLANG_WARN_ENUM_CONVERSION = YES;
				CLANG_WARN_INT_CONVERSION = YES;
				CLANG_WARN_OBJC_ROOT_CLASS = YES_ERROR;
				CLANG_WARN_UNREACHABLE_CODE = YES;
				CLANG_WARN__DUPLICATE_METHOD_MATCH = YES;
				"CODE_SIGN_IDENTITY[sdk=iphoneos*]" = "iPhone Developer";
				COPY_PHASE_STRIP = NO;
				DEBUG_INFORMATION_FORMAT = "dwarf-with-dsym";
				ENABLE_NS_ASSERTIONS = NO;
				ENABLE_STRICT_OBJC_MSGSEND = YES;
				GCC_C_LANGUAGE_STANDARD = gnu99;
				GCC_NO_COMMON_BLOCKS = YES;
				GCC_WARN_64_TO_32_BIT_CONVERSION = YES;
				GCC_WARN_ABOUT_RETURN_TYPE = YES_ERROR;
				GCC_WARN_UNDECLARED_SELECTOR = YES;
				GCC_WARN_UNINITIALIZED_AUTOS = YES_AGGRESSIVE;
				GCC_WARN_UNUSED_FUNCTION = YES;
				GCC_WARN_UNUSED_VARIABLE = YES;
				IPHONEOS_DEPLOYMENT_TARGET = 9.3;
				MTL_ENABLE_DEBUG_INFO = NO;
				SDKROOT = iphoneos;
				VALIDATE_PRODUCT = YES;
			};
			name = Release;
		};
		8A26911D1DE0007200EC1F5B /* Debug */ = {
			isa = XCBuildConfiguration;
			buildSettings = {
				ASSETCATALOG_COMPILER_APPICON_NAME = AppIcon;
				INFOPLIST_FILE = SkillUpPractice3/Info.plist;
				LD_RUNPATH_SEARCH_PATHS = "$(inherited) @executable_path/Frameworks";
				PRODUCT_BUNDLE_IDENTIFIER = com.example.SkillUpPractice3;
				PRODUCT_NAME = "$(TARGET_NAME)";
			};
			name = Debug;
		};
		8A26911E1DE0007200EC1F5B /* Release */ = {
			isa = XCBuildConfiguration;
			buildSettings = {
				ASSETCATALOG_COMPILER_APPICON_NAME = AppIcon;
				INFOPLIST_FILE = SkillUpPractice3/Info.plist;
				LD_RUNPATH_SEARCH_PATHS = "$(inherited) @executable_path/Frameworks";
				PRODUCT_BUNDLE_IDENTIFIER = com.example.SkillUpPractice3;
				PRODUCT_NAME = "$(TARGET_NAME)";
			};
			name = Release;
		};
		8A2691201DE0007200EC1F5B /* Debug */ = {
			isa = XCBuildConfiguration;
			buildSettings = {
				BUNDLE_LOADER = "$(TEST_HOST)";
				INFOPLIST_FILE = SkillUpPractice3Tests/Info.plist;
				LD_RUNPATH_SEARCH_PATHS = "$(inherited) @executable_path/Frameworks @loader_path/Frameworks";
				PRODUCT_BUNDLE_IDENTIFIER = com.example.SkillUpPractice3Tests;
				PRODUCT_NAME = "$(TARGET_NAME)";
				TEST_HOST = "$(BUILT_PRODUCTS_DIR)/SkillUpPractice3.app/SkillUpPractice3";
			};
			name = Debug;
		};
		8A2691211DE0007200EC1F5B /* Release */ = {
			isa = XCBuildConfiguration;
			buildSettings = {
				BUNDLE_LOADER = "$(TEST_HOST)";
				INFOPLIST_FILE = SkillUpPractice3Tests/Info.plist;
				LD_RUNPATH_SEARCH_PATHS = "$(inherited) @executable_path/Frameworks @loader_path/Frameworks";
				PRODUCT_BUNDLE_IDENTIFIER = com.example.SkillUpPractice3Tests;
				PRODUCT_NAME = "$(TARGET_NAME)";
				TEST_HOST = "$(BUILT_PRODUCTS_DIR)/SkillUpPractice3.app/SkillUpPractice3";
			};
			name = Release;
		};
		8A2691231DE0007200EC1F5B /* Debug */ = {
			isa = XCBuildConfiguration;
			buildSettings = {
				INFOPLIST_FILE = SkillUpPractice3UITests/Info.plist;
				LD_RUNPATH_SEARCH_PATHS = "$(inherited) @executable_path/Frameworks @loader_path/Frameworks";
				PRODUCT_BUNDLE_IDENTIFIER = com.example.SkillUpPractice3UITests;
				PRODUCT_NAME = "$(TARGET_NAME)";
				TEST_TARGET_NAME = SkillUpPractice3;
			};
			name = Debug;
		};
		8A2691241DE0007200EC1F5B /* Release */ = {
			isa = XCBuildConfiguration;
			buildSettings = {
				INFOPLIST_FILE = SkillUpPractice3UITests/Info.plist;
				LD_RUNPATH_SEARCH_PATHS = "$(inherited) @executable_path/Frameworks @loader_path/Frameworks";
				PRODUCT_BUNDLE_IDENTIFIER = com.example.SkillUpPractice3UITests;
				PRODUCT_NAME = "$(TARGET_NAME)";
				TEST_TARGET_NAME = SkillUpPractice3;
			};
			name = Release;
		};
/* End XCBuildConfiguration section */

/* Begin XCConfigurationList section */
		8A2690EF1DE0007200EC1F5B /* Build configuration list for PBXProject "SkillUpPractice3" */ = {
			isa = XCConfigurationList;
			buildConfigurations = (
				8A26911A1DE0007200EC1F5B /* Debug */,
				8A26911B1DE0007200EC1F5B /* Release */,
			);
			defaultConfigurationIsVisible = 0;
			defaultConfigurationName = Release;
		};
		8A26911C1DE0007200EC1F5B /* Build configuration list for PBXNativeTarget "SkillUpPractice3" */ = {
			isa = XCConfigurationList;
			buildConfigurations = (
				8A26911D1DE0007200EC1F5B /* Debug */,
				8A26911E1DE0007200EC1F5B /* Release */,
			);
			defaultConfigurationIsVisible = 0;
		};
		8A26911F1DE0007200EC1F5B /* Build configuration list for PBXNativeTarget "SkillUpPractice3Tests" */ = {
			isa = XCConfigurationList;
			buildConfigurations = (
				8A2691201DE0007200EC1F5B /* Debug */,
				8A2691211DE0007200EC1F5B /* Release */,
			);
			defaultConfigurationIsVisible = 0;
		};
		8A2691221DE0007200EC1F5B /* Build configuration list for PBXNativeTarget "SkillUpPractice3UITests" */ = {
			isa = XCConfigurationList;
			buildConfigurations = (
				8A2691231DE0007200EC1F5B /* Debug */,
				8A2691241DE0007200EC1F5B /* Release */,
			);
			defaultConfigurationIsVisible = 0;
		};
/* End XCConfigurationList section */
	};
	rootObject = 8A2690EC1DE0007200EC1F5B /* Project object */;
}
